
Microsoft Visual Studio Solution File, Format Version 12.00
# Visual Studio Version 16
VisualStudioVersion = 16.0.30907.101
MinimumVisualStudioVersion = 10.0.40219.1
Project("{FAE04EC0-301F-11D3-BF4B-00C04F79EFBC}") = "Assignment3", "Assignment3.csproj", "{1DDC4749-DF49-4974-8708-1A95709478BE}"
EndProject
Global
	GlobalSection(SolutionConfigurationPlatforms) = preSolution
		Debug|Any CPU = Debug|Any CPU
		Release|Any CPU = Release|Any CPU
	EndGlobalSection
	GlobalSection(ProjectConfigurationPlatforms) = postSolution
		{1DDC4749-DF49-4974-8708-1A95709478BE}.Debug|Any CPU.ActiveCfg = Debug|Any CPU
		{1DDC4749-DF49-4974-8708-1A95709478BE}.Debug|Any CPU.Build.0 = Debug|Any CPU
		{1DDC4749-DF49-4974-8708-1A95709478BE}.Release|Any CPU.ActiveCfg = Release|Any CPU
		{1DDC4749-DF49-4974-8708-1A95709478BE}.Release|Any CPU.Build.0 = Release|Any CPU
	EndGlobalSection
	GlobalSection(SolutionProperties) = preSolution
		HideSolutionNode = FALSE
	EndGlobalSection
	GlobalSection(ExtensibilityGlobals) = postSolution
		SolutionGuid = {D6934A5C-5599-4676-935E-C22E8069C3FB}
	EndGlobalSection
EndGlobal
